
Microsoft Visual Studio Solution File, Format Version 12.00
# Visual Studio Version 17
VisualStudioVersion = 17.0.31903.59
MinimumVisualStudioVersion = 10.0.40219.1
Project("{FAE04EC0-301F-11D3-BF4B-00C04F79EFBC}") = "Blobify", "Blobify\Blobify.csproj", "{1711E5D9-9016-43F0-B637-DDB3FAF146FA}"
EndProject
Project("{FAE04EC0-301F-11D3-BF4B-00C04F79EFBC}") = "Blobify.Tests", "Blobify.Tests\Blobify.Tests.csproj", "{1E755EC6-7FA4-426D-9FCC-B8FBE6DD9CCC}"
EndProject
Global
	GlobalSection(SolutionConfigurationPlatforms) = preSolution
		Debug|Any CPU = Debug|Any CPU
		Release|Any CPU = Release|Any CPU
	EndGlobalSection
	GlobalSection(SolutionProperties) = preSolution
		HideSolutionNode = FALSE
	EndGlobalSection
	GlobalSection(ProjectConfigurationPlatforms) = postSolution
		{1711E5D9-9016-43F0-B637-DDB3FAF146FA}.Debug|Any CPU.ActiveCfg = Debug|Any CPU
		{1711E5D9-9016-43F0-B637-DDB3FAF146FA}.Debug|Any CPU.Build.0 = Debug|Any CPU
		{1711E5D9-9016-43F0-B637-DDB3FAF146FA}.Release|Any CPU.ActiveCfg = Release|Any CPU
		{1711E5D9-9016-43F0-B637-DDB3FAF146FA}.Release|Any CPU.Build.0 = Release|Any CPU
		{1E755EC6-7FA4-426D-9FCC-B8FBE6DD9CCC}.Debug|Any CPU.ActiveCfg = Debug|Any CPU
		{1E755EC6-7FA4-426D-9FCC-B8FBE6DD9CCC}.Debug|Any CPU.Build.0 = Debug|Any CPU
		{1E755EC6-7FA4-426D-9FCC-B8FBE6DD9CCC}.Release|Any CPU.ActiveCfg = Release|Any CPU
		{1E755EC6-7FA4-426D-9FCC-B8FBE6DD9CCC}.Release|Any CPU.Build.0 = Release|Any CPU
	EndGlobalSection
EndGlobal
